// !$*UTF8*$!
{
	archiveVersion = 1;
	classes = {
	};
	objectVersion = 55;
	objects = {

/* Begin PBXBuildFile section */
		A66F253C279704C2009334CC /* TrekrMultiPlatformApp.swift in Sources */ = {isa = PBXBuildFile; fileRef = A66F252C279704A9009334CC /* TrekrMultiPlatformApp.swift */; };
		A66F253D279704C2009334CC /* TrekrMultiPlatformApp.swift in Sources */ = {isa = PBXBuildFile; fileRef = A66F252C279704A9009334CC /* TrekrMultiPlatformApp.swift */; };
		A66F2540279704C2009334CC /* Assets.xcassets in Resources */ = {isa = PBXBuildFile; fileRef = A66F252E279704C2009334CC /* Assets.xcassets */; };
		A66F2541279704C2009334CC /* Assets.xcassets in Resources */ = {isa = PBXBuildFile; fileRef = A66F252E279704C2009334CC /* Assets.xcassets */; };
		A66F254E279705A4009334CC /* locations.json in Resources */ = {isa = PBXBuildFile; fileRef = A66F254C279705A4009334CC /* locations.json */; };
		A66F254F279705A4009334CC /* locations.json in Resources */ = {isa = PBXBuildFile; fileRef = A66F254C279705A4009334CC /* locations.json */; };
		A66F2550279705A4009334CC /* tips.json in Resources */ = {isa = PBXBuildFile; fileRef = A66F254D279705A4009334CC /* tips.json */; };
		A66F2551279705A4009334CC /* tips.json in Resources */ = {isa = PBXBuildFile; fileRef = A66F254D279705A4009334CC /* tips.json */; };
		A66F255327970605009334CC /* Location.swift in Sources */ = {isa = PBXBuildFile; fileRef = A66F255227970605009334CC /* Location.swift */; };
		A66F255427970605009334CC /* Location.swift in Sources */ = {isa = PBXBuildFile; fileRef = A66F255227970605009334CC /* Location.swift */; };
		A66F25562797076B009334CC /* LocationDetail.swift in Sources */ = {isa = PBXBuildFile; fileRef = A66F25552797076B009334CC /* LocationDetail.swift */; };
		A66F25572797076B009334CC /* LocationDetail.swift in Sources */ = {isa = PBXBuildFile; fileRef = A66F25552797076B009334CC /* LocationDetail.swift */; };
		A66F255927970A40009334CC /* LocationStore.swift in Sources */ = {isa = PBXBuildFile; fileRef = A66F255827970A40009334CC /* LocationStore.swift */; };
		A66F255A27970A40009334CC /* LocationStore.swift in Sources */ = {isa = PBXBuildFile; fileRef = A66F255827970A40009334CC /* LocationStore.swift */; };
		A66F255C27970BD4009334CC /* LocationList.swift in Sources */ = {isa = PBXBuildFile; fileRef = A66F255B27970BD4009334CC /* LocationList.swift */; };
		A66F255D27970BD4009334CC /* LocationList.swift in Sources */ = {isa = PBXBuildFile; fileRef = A66F255B27970BD4009334CC /* LocationList.swift */; };
		A691427127985D1E00CA0007 /* WorldMap.swift in Sources */ = {isa = PBXBuildFile; fileRef = A691427027985D1E00CA0007 /* WorldMap.swift */; };
		A691427227985D1E00CA0007 /* WorldMap.swift in Sources */ = {isa = PBXBuildFile; fileRef = A691427027985D1E00CA0007 /* WorldMap.swift */; };
		A691427427985D2B00CA0007 /* TipsList.swift in Sources */ = {isa = PBXBuildFile; fileRef = A691427327985D2B00CA0007 /* TipsList.swift */; };
		A691427527985D2B00CA0007 /* TipsList.swift in Sources */ = {isa = PBXBuildFile; fileRef = A691427327985D2B00CA0007 /* TipsList.swift */; };
		A69142772798636300CA0007 /* Tip.swift in Sources */ = {isa = PBXBuildFile; fileRef = A69142762798636300CA0007 /* Tip.swift */; };
		A69142782798636300CA0007 /* Tip.swift in Sources */ = {isa = PBXBuildFile; fileRef = A69142762798636300CA0007 /* Tip.swift */; };
		A691427B27986A7400CA0007 /* TipStore.swift in Sources */ = {isa = PBXBuildFile; fileRef = A691427A27986A7400CA0007 /* TipStore.swift */; };
		A691427C27986A7400CA0007 /* TipStore.swift in Sources */ = {isa = PBXBuildFile; fileRef = A691427A27986A7400CA0007 /* TipStore.swift */; };
/* End PBXBuildFile section */

/* Begin PBXFileReference section */
		A66F252C279704A9009334CC /* TrekrMultiPlatformApp.swift */ = {isa = PBXFileReference; lastKnownFileType = sourcecode.swift; path = TrekrMultiPlatformApp.swift; sourceTree = "<group>"; };
		A66F252E279704C2009334CC /* Assets.xcassets */ = {isa = PBXFileReference; lastKnownFileType = folder.assetcatalog; path = Assets.xcassets; sourceTree = "<group>"; };
		A66F2533279704C2009334CC /* TrekrMultiPlatform.app */ = {isa = PBXFileReference; explicitFileType = wrapper.application; includeInIndex = 0; path = TrekrMultiPlatform.app; sourceTree = BUILT_PRODUCTS_DIR; };
		A66F2539279704C2009334CC /* TrekrMultiPlatform.app */ = {isa = PBXFileReference; explicitFileType = wrapper.application; includeInIndex = 0; path = TrekrMultiPlatform.app; sourceTree = BUILT_PRODUCTS_DIR; };
		A66F253B279704C2009334CC /* macOS.entitlements */ = {isa = PBXFileReference; lastKnownFileType = text.plist.entitlements; path = macOS.entitlements; sourceTree = "<group>"; };
		A66F254C279705A4009334CC /* locations.json */ = {isa = PBXFileReference; fileEncoding = 4; lastKnownFileType = text.json; path = locations.json; sourceTree = "<group>"; };
		A66F254D279705A4009334CC /* tips.json */ = {isa = PBXFileReference; fileEncoding = 4; lastKnownFileType = text.json; path = tips.json; sourceTree = "<group>"; };
		A66F255227970605009334CC /* Location.swift */ = {isa = PBXFileReference; lastKnownFileType = sourcecode.swift; path = Location.swift; sourceTree = "<group>"; };
		A66F25552797076B009334CC /* LocationDetail.swift */ = {isa = PBXFileReference; lastKnownFileType = sourcecode.swift; path = LocationDetail.swift; sourceTree = "<group>"; };
		A66F255827970A40009334CC /* LocationStore.swift */ = {isa = PBXFileReference; lastKnownFileType = sourcecode.swift; path = LocationStore.swift; sourceTree = "<group>"; };
		A66F255B27970BD4009334CC /* LocationList.swift */ = {isa = PBXFileReference; lastKnownFileType = sourcecode.swift; path = LocationList.swift; sourceTree = "<group>"; };
		A691427027985D1E00CA0007 /* WorldMap.swift */ = {isa = PBXFileReference; lastKnownFileType = sourcecode.swift; path = WorldMap.swift; sourceTree = "<group>"; };
		A691427327985D2B00CA0007 /* TipsList.swift */ = {isa = PBXFileReference; lastKnownFileType = sourcecode.swift; path = TipsList.swift; sourceTree = "<group>"; };
		A69142762798636300CA0007 /* Tip.swift */ = {isa = PBXFileReference; lastKnownFileType = sourcecode.swift; path = Tip.swift; sourceTree = "<group>"; };
		A691427A27986A7400CA0007 /* TipStore.swift */ = {isa = PBXFileReference; lastKnownFileType = sourcecode.swift; path = TipStore.swift; sourceTree = "<group>"; };
/* End PBXFileReference section */

/* Begin PBXFrameworksBuildPhase section */
		A66F2530279704C2009334CC /* Frameworks */ = {
			isa = PBXFrameworksBuildPhase;
			buildActionMask = 2147483647;
			files = (
			);
			runOnlyForDeploymentPostprocessing = 0;
		};
		A66F2536279704C2009334CC /* Frameworks */ = {
			isa = PBXFrameworksBuildPhase;
			buildActionMask = 2147483647;
			files = (
			);
			runOnlyForDeploymentPostprocessing = 0;
		};
/* End PBXFrameworksBuildPhase section */

/* Begin PBXGroup section */
		A66F2526279704A8009334CC = {
			isa = PBXGroup;
			children = (
				A66F252B279704A9009334CC /* Shared */,
				A66F253A279704C2009334CC /* macOS */,
				A66F2534279704C2009334CC /* Products */,
			);
			sourceTree = "<group>";
		};
		A66F252B279704A9009334CC /* Shared */ = {
			isa = PBXGroup;
			children = (
				A66F252C279704A9009334CC /* TrekrMultiPlatformApp.swift */,
				A66F254B279704E9009334CC /* Model */,
				A6914279279869D100CA0007 /* ViewModel */,
				A66F254A279704E3009334CC /* Views */,
				A66F252E279704C2009334CC /* Assets.xcassets */,
			);
			path = Shared;
			sourceTree = "<group>";
		};
		A66F2534279704C2009334CC /* Products */ = {
			isa = PBXGroup;
			children = (
				A66F2533279704C2009334CC /* TrekrMultiPlatform.app */,
				A66F2539279704C2009334CC /* TrekrMultiPlatform.app */,
			);
			name = Products;
			sourceTree = "<group>";
		};
		A66F253A279704C2009334CC /* macOS */ = {
			isa = PBXGroup;
			children = (
				A66F253B279704C2009334CC /* macOS.entitlements */,
			);
			path = macOS;
			sourceTree = "<group>";
		};
		A66F254A279704E3009334CC /* Views */ = {
			isa = PBXGroup;
			children = (
				A66F25552797076B009334CC /* LocationDetail.swift */,
				A66F255B27970BD4009334CC /* LocationList.swift */,
				A691427027985D1E00CA0007 /* WorldMap.swift */,
				A691427327985D2B00CA0007 /* TipsList.swift */,
			);
			path = Views;
			sourceTree = "<group>";
		};
		A66F254B279704E9009334CC /* Model */ = {
			isa = PBXGroup;
			children = (
				A66F254C279705A4009334CC /* locations.json */,
				A66F254D279705A4009334CC /* tips.json */,
				A66F255227970605009334CC /* Location.swift */,
				A69142762798636300CA0007 /* Tip.swift */,
			);
			path = Model;
			sourceTree = "<group>";
		};
		A6914279279869D100CA0007 /* ViewModel */ = {
			isa = PBXGroup;
			children = (
				A66F255827970A40009334CC /* LocationStore.swift */,
				A691427A27986A7400CA0007 /* TipStore.swift */,
			);
			path = ViewModel;
			sourceTree = "<group>";
		};
/* End PBXGroup section */

/* Begin PBXNativeTarget section */
		A66F2532279704C2009334CC /* TrekrMultiPlatform (iOS) */ = {
			isa = PBXNativeTarget;
			buildConfigurationList = A66F2544279704C2009334CC /* Build configuration list for PBXNativeTarget "TrekrMultiPlatform (iOS)" */;
			buildPhases = (
				A66F252F279704C2009334CC /* Sources */,
				A66F2530279704C2009334CC /* Frameworks */,
				A66F2531279704C2009334CC /* Resources */,
			);
			buildRules = (
			);
			dependencies = (
			);
			name = "TrekrMultiPlatform (iOS)";
			productName = "TrekrMultiPlatform (iOS)";
			productReference = A66F2533279704C2009334CC /* TrekrMultiPlatform.app */;
			productType = "com.apple.product-type.application";
		};
		A66F2538279704C2009334CC /* TrekrMultiPlatform (macOS) */ = {
			isa = PBXNativeTarget;
			buildConfigurationList = A66F2547279704C2009334CC /* Build configuration list for PBXNativeTarget "TrekrMultiPlatform (macOS)" */;
			buildPhases = (
				A66F2535279704C2009334CC /* Sources */,
				A66F2536279704C2009334CC /* Frameworks */,
				A66F2537279704C2009334CC /* Resources */,
			);
			buildRules = (
			);
			dependencies = (
			);
			name = "TrekrMultiPlatform (macOS)";
			productName = "TrekrMultiPlatform (macOS)";
			productReference = A66F2539279704C2009334CC /* TrekrMultiPlatform.app */;
			productType = "com.apple.product-type.application";
		};
/* End PBXNativeTarget section */

/* Begin PBXProject section */
		A66F2527279704A8009334CC /* Project object */ = {
			isa = PBXProject;
			attributes = {
				BuildIndependentTargetsInParallel = 1;
				LastSwiftUpdateCheck = 1320;
				LastUpgradeCheck = 1320;
				TargetAttributes = {
					A66F2532279704C2009334CC = {
						CreatedOnToolsVersion = 13.2.1;
					};
					A66F2538279704C2009334CC = {
						CreatedOnToolsVersion = 13.2.1;
					};
				};
			};
			buildConfigurationList = A66F252A279704A8009334CC /* Build configuration list for PBXProject "TrekrMultiPlatform" */;
			compatibilityVersion = "Xcode 13.0";
			developmentRegion = en;
			hasScannedForEncodings = 0;
			knownRegions = (
				en,
				Base,
			);
			mainGroup = A66F2526279704A8009334CC;
			productRefGroup = A66F2534279704C2009334CC /* Products */;
			projectDirPath = "";
			projectRoot = "";
			targets = (
				A66F2532279704C2009334CC /* TrekrMultiPlatform (iOS) */,
				A66F2538279704C2009334CC /* TrekrMultiPlatform (macOS) */,
			);
		};
/* End PBXProject section */

/* Begin PBXResourcesBuildPhase section */
		A66F2531279704C2009334CC /* Resources */ = {
			isa = PBXResourcesBuildPhase;
			buildActionMask = 2147483647;
			files = (
				A66F254E279705A4009334CC /* locations.json in Resources */,
				A66F2540279704C2009334CC /* Assets.xcassets in Resources */,
				A66F2550279705A4009334CC /* tips.json in Resources */,
			);
			runOnlyForDeploymentPostprocessing = 0;
		};
		A66F2537279704C2009334CC /* Resources */ = {
			isa = PBXResourcesBuildPhase;
			buildActionMask = 2147483647;
			files = (
				A66F254F279705A4009334CC /* locations.json in Resources */,
				A66F2541279704C2009334CC /* Assets.xcassets in Resources */,
				A66F2551279705A4009334CC /* tips.json in Resources */,
			);
			runOnlyForDeploymentPostprocessing = 0;
		};
/* End PBXResourcesBuildPhase section */

/* Begin PBXSourcesBuildPhase section */
		A66F252F279704C2009334CC /* Sources */ = {
			isa = PBXSourcesBuildPhase;
			buildActionMask = 2147483647;
			files = (
				A66F255927970A40009334CC /* LocationStore.swift in Sources */,
				A69142772798636300CA0007 /* Tip.swift in Sources */,
				A691427B27986A7400CA0007 /* TipStore.swift in Sources */,
				A691427127985D1E00CA0007 /* WorldMap.swift in Sources */,
				A66F255327970605009334CC /* Location.swift in Sources */,
				A691427427985D2B00CA0007 /* TipsList.swift in Sources */,
				A66F253C279704C2009334CC /* TrekrMultiPlatformApp.swift in Sources */,
				A66F25562797076B009334CC /* LocationDetail.swift in Sources */,
				A66F255C27970BD4009334CC /* LocationList.swift in Sources */,
			);
			runOnlyForDeploymentPostprocessing = 0;
		};
		A66F2535279704C2009334CC /* Sources */ = {
			isa = PBXSourcesBuildPhase;
			buildActionMask = 2147483647;
			files = (
				A66F255A27970A40009334CC /* LocationStore.swift in Sources */,
				A69142782798636300CA0007 /* Tip.swift in Sources */,
				A691427C27986A7400CA0007 /* TipStore.swift in Sources */,
				A691427227985D1E00CA0007 /* WorldMap.swift in Sources */,
				A66F255427970605009334CC /* Location.swift in Sources */,
				A691427527985D2B00CA0007 /* TipsList.swift in Sources */,
				A66F253D279704C2009334CC /* TrekrMultiPlatformApp.swift in Sources */,
				A66F25572797076B009334CC /* LocationDetail.swift in Sources */,
				A66F255D27970BD4009334CC /* LocationList.swift in Sources */,
			);
			runOnlyForDeploymentPostprocessing = 0;
		};
/* End PBXSourcesBuildPhase section */

/* Begin XCBuildConfiguration section */
		A66F2542279704C2009334CC /* Debug */ = {
			isa = XCBuildConfiguration;
			buildSettings = {
				ALWAYS_SEARCH_USER_PATHS = NO;
				CLANG_ANALYZER_NONNULL = YES;
				CLANG_ANALYZER_NUMBER_OBJECT_CONVERSION = YES_AGGRESSIVE;
				CLANG_CXX_LANGUAGE_STANDARD = "gnu++17";
				CLANG_CXX_LIBRARY = "libc++";
				CLANG_ENABLE_MODULES = YES;
				CLANG_ENABLE_OBJC_ARC = YES;
				CLANG_ENABLE_OBJC_WEAK = YES;
				CLANG_WARN_BLOCK_CAPTURE_AUTORELEASING = YES;
				CLANG_WARN_BOOL_CONVERSION = YES;
				CLANG_WARN_COMMA = YES;
				CLANG_WARN_CONSTANT_CONVERSION = YES;
				CLANG_WARN_DEPRECATED_OBJC_IMPLEMENTATIONS = YES;
				CLANG_WARN_DIRECT_OBJC_ISA_USAGE = YES_ERROR;
				CLANG_WARN_DOCUMENTATION_COMMENTS = YES;
				CLANG_WARN_EMPTY_BODY = YES;
				CLANG_WARN_ENUM_CONVERSION = YES;
				CLANG_WARN_INFINITE_RECURSION = YES;
				CLANG_WARN_INT_CONVERSION = YES;
				CLANG_WARN_NON_LITERAL_NULL_CONVERSION = YES;
				CLANG_WARN_OBJC_IMPLICIT_RETAIN_SELF = YES;
				CLANG_WARN_OBJC_LITERAL_CONVERSION = YES;
				CLANG_WARN_OBJC_ROOT_CLASS = YES_ERROR;
				CLANG_WARN_QUOTED_INCLUDE_IN_FRAMEWORK_HEADER = YES;
				CLANG_WARN_RANGE_LOOP_ANALYSIS = YES;
				CLANG_WARN_STRICT_PROTOTYPES = YES;
				CLANG_WARN_SUSPICIOUS_MOVE = YES;
				CLANG_WARN_UNGUARDED_AVAILABILITY = YES_AGGRESSIVE;
				CLANG_WARN_UNREACHABLE_CODE = YES;
				CLANG_WARN__DUPLICATE_METHOD_MATCH = YES;
				COPY_PHASE_STRIP = NO;
				DEBUG_INFORMATION_FORMAT = dwarf;
				ENABLE_STRICT_OBJC_MSGSEND = YES;
				ENABLE_TESTABILITY = YES;
				GCC_C_LANGUAGE_STANDARD = gnu11;
				GCC_DYNAMIC_NO_PIC = NO;
				GCC_NO_COMMON_BLOCKS = YES;
				GCC_OPTIMIZATION_LEVEL = 0;
				GCC_PREPROCESSOR_DEFINITIONS = (
					"DEBUG=1",
					"$(inherited)",
				);
				GCC_WARN_64_TO_32_BIT_CONVERSION = YES;
				GCC_WARN_ABOUT_RETURN_TYPE = YES_ERROR;
				GCC_WARN_UNDECLARED_SELECTOR = YES;
				GCC_WARN_UNINITIALIZED_AUTOS = YES_AGGRESSIVE;
				GCC_WARN_UNUSED_FUNCTION = YES;
				GCC_WARN_UNUSED_VARIABLE = YES;
				MTL_ENABLE_DEBUG_INFO = INCLUDE_SOURCE;
				MTL_FAST_MATH = YES;
				ONLY_ACTIVE_ARCH = YES;
				SWIFT_ACTIVE_COMPILATION_CONDITIONS = DEBUG;
				SWIFT_OPTIMIZATION_LEVEL = "-Onone";
			};
			name = Debug;
		};
		A66F2543279704C2009334CC /* Release */ = {
			isa = XCBuildConfiguration;
			buildSettings = {
				ALWAYS_SEARCH_USER_PATHS = NO;
				CLANG_ANALYZER_NONNULL = YES;
				CLANG_ANALYZER_NUMBER_OBJECT_CONVERSION = YES_AGGRESSIVE;
				CLANG_CXX_LANGUAGE_STANDARD = "gnu++17";
				CLANG_CXX_LIBRARY = "libc++";
				CLANG_ENABLE_MODULES = YES;
				CLANG_ENABLE_OBJC_ARC = YES;
				CLANG_ENABLE_OBJC_WEAK = YES;
				CLANG_WARN_BLOCK_CAPTURE_AUTORELEASING = YES;
				CLANG_WARN_BOOL_CONVERSION = YES;
				CLANG_WARN_COMMA = YES;
				CLANG_WARN_CONSTANT_CONVERSION = YES;
				CLANG_WARN_DEPRECATED_OBJC_IMPLEMENTATIONS = YES;
				CLANG_WARN_DIRECT_OBJC_ISA_USAGE = YES_ERROR;
				CLANG_WARN_DOCUMENTATION_COMMENTS = YES;
				CLANG_WARN_EMPTY_BODY = YES;
				CLANG_WARN_ENUM_CONVERSION = YES;
				CLANG_WARN_INFINITE_RECURSION = YES;
				CLANG_WARN_INT_CONVERSION = YES;
				CLANG_WARN_NON_LITERAL_NULL_CONVERSION = YES;
				CLANG_WARN_OBJC_IMPLICIT_RETAIN_SELF = YES;
				CLANG_WARN_OBJC_LITERAL_CONVERSION = YES;
				CLANG_WARN_OBJC_ROOT_CLASS = YES_ERROR;
				CLANG_WARN_QUOTED_INCLUDE_IN_FRAMEWORK_HEADER = YES;
				CLANG_WARN_RANGE_LOOP_ANALYSIS = YES;
				CLANG_WARN_STRICT_PROTOTYPES = YES;
				CLANG_WARN_SUSPICIOUS_MOVE = YES;
				CLANG_WARN_UNGUARDED_AVAILABILITY = YES_AGGRESSIVE;
				CLANG_WARN_UNREACHABLE_CODE = YES;
				CLANG_WARN__DUPLICATE_METHOD_MATCH = YES;
				COPY_PHASE_STRIP = NO;
				DEBUG_INFORMATION_FORMAT = "dwarf-with-dsym";
				ENABLE_NS_ASSERTIONS = NO;
				ENABLE_STRICT_OBJC_MSGSEND = YES;
				GCC_C_LANGUAGE_STANDARD = gnu11;
				GCC_NO_COMMON_BLOCKS = YES;
				GCC_WARN_64_TO_32_BIT_CONVERSION = YES;
				GCC_WARN_ABOUT_RETURN_TYPE = YES_ERROR;
				GCC_WARN_UNDECLARED_SELECTOR = YES;
				GCC_WARN_UNINITIALIZED_AUTOS = YES_AGGRESSIVE;
				GCC_WARN_UNUSED_FUNCTION = YES;
				GCC_WARN_UNUSED_VARIABLE = YES;
				MTL_ENABLE_DEBUG_INFO = NO;
				MTL_FAST_MATH = YES;
				SWIFT_COMPILATION_MODE = wholemodule;
				SWIFT_OPTIMIZATION_LEVEL = "-O";
			};
			name = Release;
		};
		A66F2545279704C2009334CC /* Debug */ = {
			isa = XCBuildConfiguration;
			buildSettings = {
				ASSETCATALOG_COMPILER_APPICON_NAME = AppIcon;
				ASSETCATALOG_COMPILER_GLOBAL_ACCENT_COLOR_NAME = AccentColor;
				CODE_SIGN_STYLE = Automatic;
				CURRENT_PROJECT_VERSION = 1;
				DEVELOPMENT_TEAM = S2D4LD8KV4;
				ENABLE_PREVIEWS = YES;
				GENERATE_INFOPLIST_FILE = YES;
				INFOPLIST_KEY_UIApplicationSceneManifest_Generation = YES;
				INFOPLIST_KEY_UIApplicationSupportsIndirectInputEvents = YES;
				INFOPLIST_KEY_UILaunchScreen_Generation = YES;
				INFOPLIST_KEY_UISupportedInterfaceOrientations_iPad = "UIInterfaceOrientationPortrait UIInterfaceOrientationPortraitUpsideDown UIInterfaceOrientationLandscapeLeft UIInterfaceOrientationLandscapeRight";
				INFOPLIST_KEY_UISupportedInterfaceOrientations_iPhone = "UIInterfaceOrientationPortrait UIInterfaceOrientationLandscapeLeft UIInterfaceOrientationLandscapeRight";
				IPHONEOS_DEPLOYMENT_TARGET = 15.2;
				LD_RUNPATH_SEARCH_PATHS = (
					"$(inherited)",
					"@executable_path/Frameworks",
				);
				MARKETING_VERSION = 1.0;
				PRODUCT_BUNDLE_IDENTIFIER = ca.bradleykang.TrekrMultiPlatform;
				PRODUCT_NAME = TrekrMultiPlatform;
				SDKROOT = iphoneos;
				SWIFT_EMIT_LOC_STRINGS = YES;
				SWIFT_VERSION = 5.0;
				TARGETED_DEVICE_FAMILY = "1,2";
			};
			name = Debug;
		};
		A66F2546279704C2009334CC /* Release */ = {
			isa = XCBuildConfiguration;
			buildSettings = {
				ASSETCATALOG_COMPILER_APPICON_NAME = AppIcon;
				ASSETCATALOG_COMPILER_GLOBAL_ACCENT_COLOR_NAME = AccentColor;
				CODE_SIGN_STYLE = Automatic;
				CURRENT_PROJECT_VERSION = 1;
				DEVELOPMENT_TEAM = S2D4LD8KV4;
				ENABLE_PREVIEWS = YES;
				GENERATE_INFOPLIST_FILE = YES;
				INFOPLIST_KEY_UIApplicationSceneManifest_Generation = YES;
				INFOPLIST_KEY_UIApplicationSupportsIndirectInputEvents = YES;
				INFOPLIST_KEY_UILaunchScreen_Generation = YES;
				INFOPLIST_KEY_UISupportedInterfaceOrientations_iPad = "UIInterfaceOrientationPortrait UIInterfaceOrientationPortraitUpsideDown UIInterfaceOrientationLandscapeLeft UIInterfaceOrientationLandscapeRight";
				INFOPLIST_KEY_UISupportedInterfaceOrientations_iPhone = "UIInterfaceOrientationPortrait UIInterfaceOrientationLandscapeLeft UIInterfaceOrientationLandscapeRight";
				IPHONEOS_DEPLOYMENT_TARGET = 15.2;
				LD_RUNPATH_SEARCH_PATHS = (
					"$(inherited)",
					"@executable_path/Frameworks",
				);
				MARKETING_VERSION = 1.0;
				PRODUCT_BUNDLE_IDENTIFIER = ca.bradleykang.TrekrMultiPlatform;
				PRODUCT_NAME = TrekrMultiPlatform;
				SDKROOT = iphoneos;
				SWIFT_EMIT_LOC_STRINGS = YES;
				SWIFT_VERSION = 5.0;
				TARGETED_DEVICE_FAMILY = "1,2";
				VALIDATE_PRODUCT = YES;
			};
			name = Release;
		};
		A66F2548279704C2009334CC /* Debug */ = {
			isa = XCBuildConfiguration;
			buildSettings = {
				ASSETCATALOG_COMPILER_APPICON_NAME = AppIcon;
				ASSETCATALOG_COMPILER_GLOBAL_ACCENT_COLOR_NAME = AccentColor;
				CODE_SIGN_ENTITLEMENTS = macOS/macOS.entitlements;
				CODE_SIGN_STYLE = Automatic;
				COMBINE_HIDPI_IMAGES = YES;
				CURRENT_PROJECT_VERSION = 1;
				DEVELOPMENT_TEAM = S2D4LD8KV4;
				ENABLE_HARDENED_RUNTIME = YES;
				ENABLE_PREVIEWS = YES;
				GENERATE_INFOPLIST_FILE = YES;
				INFOPLIST_KEY_NSHumanReadableCopyright = "";
				LD_RUNPATH_SEARCH_PATHS = (
					"$(inherited)",
					"@executable_path/../Frameworks",
				);
				MACOSX_DEPLOYMENT_TARGET = 12.1;
				MARKETING_VERSION = 1.0;
				PRODUCT_BUNDLE_IDENTIFIER = ca.bradleykang.TrekrMultiPlatform;
				PRODUCT_NAME = TrekrMultiPlatform;
				SDKROOT = macosx;
				SWIFT_EMIT_LOC_STRINGS = YES;
				SWIFT_VERSION = 5.0;
			};
			name = Debug;
		};
		A66F2549279704C2009334CC /* Release */ = {
			isa = XCBuildConfiguration;
			buildSettings = {
				ASSETCATALOG_COMPILER_APPICON_NAME = AppIcon;
				ASSETCATALOG_COMPILER_GLOBAL_ACCENT_COLOR_NAME = AccentColor;
				CODE_SIGN_ENTITLEMENTS = macOS/macOS.entitlements;
				CODE_SIGN_STYLE = Automatic;
				COMBINE_HIDPI_IMAGES = YES;
				CURRENT_PROJECT_VERSION = 1;
				DEVELOPMENT_TEAM = S2D4LD8KV4;
				ENABLE_HARDENED_RUNTIME = YES;
				ENABLE_PREVIEWS = YES;
				GENERATE_INFOPLIST_FILE = YES;
				INFOPLIST_KEY_NSHumanReadableCopyright = "";
				LD_RUNPATH_SEARCH_PATHS = (
					"$(inherited)",
					"@executable_path/../Frameworks",
				);
				MACOSX_DEPLOYMENT_TARGET = 12.1;
				MARKETING_VERSION = 1.0;
				PRODUCT_BUNDLE_IDENTIFIER = ca.bradleykang.TrekrMultiPlatform;
				PRODUCT_NAME = TrekrMultiPlatform;
				SDKROOT = macosx;
				SWIFT_EMIT_LOC_STRINGS = YES;
				SWIFT_VERSION = 5.0;
			};
			name = Release;
		};
/* End XCBuildConfiguration section */

/* Begin XCConfigurationList section */
		A66F252A279704A8009334CC /* Build configuration list for PBXProject "TrekrMultiPlatform" */ = {
			isa = XCConfigurationList;
			buildConfigurations = (
				A66F2542279704C2009334CC /* Debug */,
				A66F2543279704C2009334CC /* Release */,
			);
			defaultConfigurationIsVisible = 0;
			defaultConfigurationName = Release;
		};
		A66F2544279704C2009334CC /* Build configuration list for PBXNativeTarget "TrekrMultiPlatform (iOS)" */ = {
			isa = XCConfigurationList;
			buildConfigurations = (
				A66F2545279704C2009334CC /* Debug */,
				A66F2546279704C2009334CC /* Release */,
			);
			defaultConfigurationIsVisible = 0;
			defaultConfigurationName = Release;
		};
		A66F2547279704C2009334CC /* Build configuration list for PBXNativeTarget "TrekrMultiPlatform (macOS)" */ = {
			isa = XCConfigurationList;
			buildConfigurations = (
				A66F2548279704C2009334CC /* Debug */,
				A66F2549279704C2009334CC /* Release */,
			);
			defaultConfigurationIsVisible = 0;
			defaultConfigurationName = Release;
		};
/* End XCConfigurationList section */
	};
	rootObject = A66F2527279704A8009334CC /* Project object */;
}
